{
  "name": "111-node",
  "lockfileVersion": 3,
  "requires": true,
  "packages": {
    "": {
      "dependencies": {
        "libphonenumber-js": "^1.10.24"
      }
    },
    "node_modules/libphonenumber-js": {
      "version": "1.10.24",
      "resolved": "https://registry.npmjs.org/libphonenumber-js/-/libphonenumber-js-1.10.24.tgz",
      "integrity": "sha512-3Dk8f5AmrcWqg+oHhmm9hwSTqpWHBdSqsHmjCJGroULFubi0+x7JEIGmRZCuL3TI8Tx39xaKqfnhsDQ4ALa/Nw=="
    }
  }
}
